{
  "name": "GoEx-Docs",
  "version": "1.1.0",
  "lockfileVersion": 1,
  "requires": true,
  "dependencies": {
    "@vuepress/plugin-google-analytics": {
      "version": "1.0.0-rc.1",
      "resolved": "https://registry.npmjs.org/@vuepress/plugin-google-analytics/-/plugin-google-analytics-1.0.0-rc.1.tgz",
      "integrity": "sha512-t7wP6OVOdehP37eEEOREajo03AKTWC8ah3lKxt6yBJN+QAP1besxxHcBa/vpxa7z0bU8q1Y0bP4TLfd8ng+8IQ==",
      "dev": true
    }
  }
}
